{
  "nodes": {
    "nixpkgs": {
      "locked": {
        "lastModified": 1728826676,
        "narHash": "sha256-HGfiaj2scbs2AP7AOsRbmnu4De4BimK65jhWmpyW2og=",
        "owner": "NixOS",
        "repo": "nixpkgs",
        "rev": "d2d9d9f00535875766ce8f8c725eeeb9b7f1cdb1",
        "type": "github"
      },
      "original": {
        "owner": "NixOS",
        "ref": "master",
        "repo": "nixpkgs",
        "type": "github"
      }
    },
    "root": {
      "inputs": {
        "nixpkgs": "nixpkgs",
        "zapret-src": "zapret-src"
      }
    },
    "zapret-src": {
      "flake": false,
      "locked": {
        "lastModified": 1728825055,
        "narHash": "sha256-1fdMVB05uC471F3Rkuu5YK1UevEFRiokG2eNCkluDVY=",
        "owner": "bol-van",
        "repo": "zapret",
        "rev": "e6c918b8a6ef05798a0b6a1a2bba15c0e11026aa",
        "type": "github"
      },
      "original": {
        "owner": "bol-van",
        "repo": "zapret",
        "type": "github"
      }
    }
  },
  "root": "root",
  "version": 7
}
